
Microsoft Visual Studio Solution File, Format Version 12.00
# Visual Studio Version 16
VisualStudioVersion = 16.0.29609.76
MinimumVisualStudioVersion = 10.0.40219.1
Project("{FAE04EC0-301F-11D3-BF4B-00C04F79EFBC}") = "AlgorithmsPractice", "AlgorithmsPractice\AlgorithmsPractice.csproj", "{5E021E18-E2A6-4C4E-AA0D-73995611B411}"
EndProject
Global
	GlobalSection(SolutionConfigurationPlatforms) = preSolution
		Debug|Any CPU = Debug|Any CPU
		Release|Any CPU = Release|Any CPU
	EndGlobalSection
	GlobalSection(ProjectConfigurationPlatforms) = postSolution
		{5E021E18-E2A6-4C4E-AA0D-73995611B411}.Debug|Any CPU.ActiveCfg = Debug|Any CPU
		{5E021E18-E2A6-4C4E-AA0D-73995611B411}.Debug|Any CPU.Build.0 = Debug|Any CPU
		{5E021E18-E2A6-4C4E-AA0D-73995611B411}.Release|Any CPU.ActiveCfg = Release|Any CPU
		{5E021E18-E2A6-4C4E-AA0D-73995611B411}.Release|Any CPU.Build.0 = Release|Any CPU
	EndGlobalSection
	GlobalSection(SolutionProperties) = preSolution
		HideSolutionNode = FALSE
	EndGlobalSection
	GlobalSection(ExtensibilityGlobals) = postSolution
		SolutionGuid = {7A4910E9-A241-48C1-BB39-BF97DABC5D8C}
	EndGlobalSection
EndGlobal
